PODS:
  - Magnet (3.3.0):
    - Sauce (~> 2.2.0)
  - Sauce (2.2.0)

DEPENDENCIES:
  - Magnet (= 3.3.0)

SPEC REPOS:
  trunk:
    - Magnet
    - Sauce

SPEC CHECKSUMS:
  Magnet: a44a5a14eecc77433cbaad1431b78f7d20725bf2
  Sauce: 3ade51738563f86b08888cf4b91ae5943012088b

PODFILE CHECKSUM: 5e846013168894c5afa5e7583707ba5ebe87f381

COCOAPODS: 1.11.2
